{
  "requires": true,
  "lockfileVersion": 1,
  "dependencies": {
    "ngx-mask": {
      "version": "8.0.0",
      "resolved": "https://registry.npmjs.org/ngx-mask/-/ngx-mask-8.0.0.tgz",
      "integrity": "sha512-ain3MZnMGFdQp5BIAn64AhOK3oJ/6GafUXucOT66XspgaPeYk/G6vPnY2sYeZzRo9mEUwUXNKzwSsAt+tFwQwA==",
      "requires": {
        "tslib": "^1.9.0"
      }
    },
    "tslib": {
      "version": "1.11.1",
      "resolved": "https://registry.npmjs.org/tslib/-/tslib-1.11.1.tgz",
      "integrity": "sha512-aZW88SY8kQbU7gpV19lN24LtXh/yD4ZZg6qieAJDDg+YBsJcSmLGK9QpnUjAKVG/xefmvJGd1WUmfpT/g6AJGA=="
    }
  }
}
